{
  "originHash" : "9989b7cdcee0159cbc274e1006988285e9a0b427f940656e8e9e184f9681a0b3",
  "pins" : [
    {
      "identity" : "inject",
      "kind" : "remoteSourceControl",
      "location" : "https://github.com/krzysztofzablocki/Inject.git",
      "state" : {
        "revision" : "728c56639ecb3df441d51d5bc6747329afabcfc9",
        "version" : "1.5.2"
      }
    },
    {
      "identity" : "purchases-ios-spm",
      "kind" : "remoteSourceControl",
      "location" : "https://github.com/RevenueCat/purchases-ios-spm.git",
      "state" : {
        "revision" : "83edd0bc139c5f7bbeda44a7fcdb0f115fee3441",
        "version" : "5.21.1"
      }
    }
  ],
  "version" : 3
}
